
Microsoft Visual Studio Solution File, Format Version 12.00
# Visual Studio Version 16
VisualStudioVersion = 16.0.31424.327
MinimumVisualStudioVersion = 10.0.40219.1
Project("{8BC9CEB8-8B4A-11D0-8D11-00A0C91BC942}") = "NetClient", "NetClient\NetClient.vcxproj", "{01635C94-60E1-4868-B91F-0868B6C5F953}"
EndProject
Project("{8BC9CEB8-8B4A-11D0-8D11-00A0C91BC942}") = "NetCommon", "NetCommon\NetCommon.vcxproj", "{496D71E2-742B-4DFB-B7BF-C7EDFFA325E3}"
EndProject
Project("{8BC9CEB8-8B4A-11D0-8D11-00A0C91BC942}") = "NetServer", "NetServer\NetServer.vcxproj", "{B8B0B5FC-CE90-42DF-BDEE-FB5F95EA8BB0}"
EndProject
Global
	GlobalSection(SolutionConfigurationPlatforms) = preSolution
		Debug|x64 = Debug|x64
		Debug|x86 = Debug|x86
		Release|x64 = Release|x64
		Release|x86 = Release|x86
	EndGlobalSection
	GlobalSection(ProjectConfigurationPlatforms) = postSolution
		{01635C94-60E1-4868-B91F-0868B6C5F953}.Debug|x64.ActiveCfg = Debug|x64
		{01635C94-60E1-4868-B91F-0868B6C5F953}.Debug|x64.Build.0 = Debug|x64
		{01635C94-60E1-4868-B91F-0868B6C5F953}.Debug|x86.ActiveCfg = Debug|Win32
		{01635C94-60E1-4868-B91F-0868B6C5F953}.Debug|x86.Build.0 = Debug|Win32
		{01635C94-60E1-4868-B91F-0868B6C5F953}.Release|x64.ActiveCfg = Release|x64
		{01635C94-60E1-4868-B91F-0868B6C5F953}.Release|x64.Build.0 = Release|x64
		{01635C94-60E1-4868-B91F-0868B6C5F953}.Release|x86.ActiveCfg = Release|Win32
		{01635C94-60E1-4868-B91F-0868B6C5F953}.Release|x86.Build.0 = Release|Win32
		{496D71E2-742B-4DFB-B7BF-C7EDFFA325E3}.Debug|x64.ActiveCfg = Debug|x64
		{496D71E2-742B-4DFB-B7BF-C7EDFFA325E3}.Debug|x64.Build.0 = Debug|x64
		{496D71E2-742B-4DFB-B7BF-C7EDFFA325E3}.Debug|x86.ActiveCfg = Debug|Win32
		{496D71E2-742B-4DFB-B7BF-C7EDFFA325E3}.Debug|x86.Build.0 = Debug|Win32
		{496D71E2-742B-4DFB-B7BF-C7EDFFA325E3}.Release|x64.ActiveCfg = Release|x64
		{496D71E2-742B-4DFB-B7BF-C7EDFFA325E3}.Release|x64.Build.0 = Release|x64
		{496D71E2-742B-4DFB-B7BF-C7EDFFA325E3}.Release|x86.ActiveCfg = Release|Win32
		{496D71E2-742B-4DFB-B7BF-C7EDFFA325E3}.Release|x86.Build.0 = Release|Win32
		{B8B0B5FC-CE90-42DF-BDEE-FB5F95EA8BB0}.Debug|x64.ActiveCfg = Debug|x64
		{B8B0B5FC-CE90-42DF-BDEE-FB5F95EA8BB0}.Debug|x64.Build.0 = Debug|x64
		{B8B0B5FC-CE90-42DF-BDEE-FB5F95EA8BB0}.Debug|x86.ActiveCfg = Debug|Win32
		{B8B0B5FC-CE90-42DF-BDEE-FB5F95EA8BB0}.Debug|x86.Build.0 = Debug|Win32
		{B8B0B5FC-CE90-42DF-BDEE-FB5F95EA8BB0}.Release|x64.ActiveCfg = Release|x64
		{B8B0B5FC-CE90-42DF-BDEE-FB5F95EA8BB0}.Release|x64.Build.0 = Release|x64
		{B8B0B5FC-CE90-42DF-BDEE-FB5F95EA8BB0}.Release|x86.ActiveCfg = Release|Win32
		{B8B0B5FC-CE90-42DF-BDEE-FB5F95EA8BB0}.Release|x86.Build.0 = Release|Win32
	EndGlobalSection
	GlobalSection(SolutionProperties) = preSolution
		HideSolutionNode = FALSE
	EndGlobalSection
	GlobalSection(ExtensibilityGlobals) = postSolution
		SolutionGuid = {CABD8EAF-4271-4C94-A9B3-E2443BC5E5F8}
	EndGlobalSection
EndGlobal
